
Microsoft Visual Studio Solution File, Format Version 12.00
# Visual Studio Version 17
VisualStudioVersion = 17.2.32630.192
MinimumVisualStudioVersion = 10.0.40219.1
Project("{FAE04EC0-301F-11D3-BF4B-00C04F79EFBC}") = "Presentacion", "Presentacion\Presentacion.csproj", "{23D9D1BF-A7C2-4CD9-AE8E-E413F809D8C8}"
EndProject
Project("{FAE04EC0-301F-11D3-BF4B-00C04F79EFBC}") = "Logica", "Logica\Logica.csproj", "{100431F4-E39E-40C7-BB88-0C721510EC59}"
EndProject
Project("{FAE04EC0-301F-11D3-BF4B-00C04F79EFBC}") = "Entidades", "Entidades\Entidades.csproj", "{A90D8E76-D8A2-4B28-8391-475E9AEF1CCD}"
EndProject
Project("{FAE04EC0-301F-11D3-BF4B-00C04F79EFBC}") = "Datos", "Datos\Datos.csproj", "{822D748F-4B92-4DDB-BDCD-61CFFEB926BF}"
EndProject
Global
	GlobalSection(SolutionConfigurationPlatforms) = preSolution
		Debug|Any CPU = Debug|Any CPU
		Release|Any CPU = Release|Any CPU
	EndGlobalSection
	GlobalSection(ProjectConfigurationPlatforms) = postSolution
		{23D9D1BF-A7C2-4CD9-AE8E-E413F809D8C8}.Debug|Any CPU.ActiveCfg = Debug|Any CPU
		{23D9D1BF-A7C2-4CD9-AE8E-E413F809D8C8}.Debug|Any CPU.Build.0 = Debug|Any CPU
		{23D9D1BF-A7C2-4CD9-AE8E-E413F809D8C8}.Release|Any CPU.ActiveCfg = Release|Any CPU
		{23D9D1BF-A7C2-4CD9-AE8E-E413F809D8C8}.Release|Any CPU.Build.0 = Release|Any CPU
		{100431F4-E39E-40C7-BB88-0C721510EC59}.Debug|Any CPU.ActiveCfg = Debug|Any CPU
		{100431F4-E39E-40C7-BB88-0C721510EC59}.Debug|Any CPU.Build.0 = Debug|Any CPU
		{100431F4-E39E-40C7-BB88-0C721510EC59}.Release|Any CPU.ActiveCfg = Release|Any CPU
		{100431F4-E39E-40C7-BB88-0C721510EC59}.Release|Any CPU.Build.0 = Release|Any CPU
		{A90D8E76-D8A2-4B28-8391-475E9AEF1CCD}.Debug|Any CPU.ActiveCfg = Debug|Any CPU
		{A90D8E76-D8A2-4B28-8391-475E9AEF1CCD}.Debug|Any CPU.Build.0 = Debug|Any CPU
		{A90D8E76-D8A2-4B28-8391-475E9AEF1CCD}.Release|Any CPU.ActiveCfg = Release|Any CPU
		{A90D8E76-D8A2-4B28-8391-475E9AEF1CCD}.Release|Any CPU.Build.0 = Release|Any CPU
		{822D748F-4B92-4DDB-BDCD-61CFFEB926BF}.Debug|Any CPU.ActiveCfg = Debug|Any CPU
		{822D748F-4B92-4DDB-BDCD-61CFFEB926BF}.Debug|Any CPU.Build.0 = Debug|Any CPU
		{822D748F-4B92-4DDB-BDCD-61CFFEB926BF}.Release|Any CPU.ActiveCfg = Release|Any CPU
		{822D748F-4B92-4DDB-BDCD-61CFFEB926BF}.Release|Any CPU.Build.0 = Release|Any CPU
	EndGlobalSection
	GlobalSection(SolutionProperties) = preSolution
		HideSolutionNode = FALSE
	EndGlobalSection
	GlobalSection(ExtensibilityGlobals) = postSolution
		SolutionGuid = {AF438706-A7F8-492E-9CA8-124554AF3A43}
	EndGlobalSection
EndGlobal
